<?xml version="1.0" encoding="utf-8"?>
<Project ToolsVersion="4.0" xmlns="http://schemas.microsoft.com/developer/msbuild/2003">
  <ItemGroup>
    <Filter Include="Source Files">
      <UniqueIdentifier>{4FC737F1-C7A5-4376-A066-2A32D752A2FF}</UniqueIdentifier>
      <Extensions>cpp;c;cc;cxx;def;odl;idl;hpj;bat;asm;asmx</Extensions>
    </Filter>
    <Filter Include="Header Files">
      <UniqueIdentifier>{93995380-89BD-4b04-88EB-625FBE52EBFB}</UniqueIdentifier>
      <Extensions>h;hh;hpp;hxx;hm;inl;inc;xsd</Extensions>
    </Filter>
    <Filter Include="Resource Files">
      <UniqueIdentifier>{D9D6E242-F8AF-46E4-B9FD-80ECBC20BA3E}</UniqueIdentifier>
      <Extensions>qrc;*</Extensions>
      <ParseFiles>false</ParseFiles>
    </Filter>
    <Filter Include="Form Files">
      <UniqueIdentifier>{99349809-55BA-4b9d-BF79-8FDBB0286EB3}</UniqueIdentifier>
      <Extensions>ui</Extensions>
    </Filter>
    <Filter Include="Resource Files">
      <UniqueIdentifier>{D9D6E242-F8AF-46E4-B9FD-80ECBC20BA3E}</UniqueIdentifier>
      <Extensions>qrc;*</Extensions>
      <ParseFiles>false</ParseFiles>
    </Filter>
    <Filter Include="Generated Files">
      <UniqueIdentifier>{71ED8ED8-ACB9-4CE9-BBE1-E00B30144E11}</UniqueIdentifier>
      <Extensions>moc;h;cpp</Extensions>
      <SourceControlFiles>False</SourceControlFiles>
    </Filter>
    <Filter Include="Distribution Files">
      <UniqueIdentifier>{d9948e76-0fb1-4271-a8a1-a7ce8fa78c57}</UniqueIdentifier>
      <Extensions>*</Extensions>
      <ParseFiles>false</ParseFiles>
    </Filter>
  </ItemGroup>
  <ItemGroup>
    <ClCompile Include="AlarmLCDBoard.cpp">
      <Filter>Source Files</Filter>
    </ClCompile>
    <ClCompile Include="AlarmManager.cpp">
      <Filter>Source Files</Filter>
    </ClCompile>
    <ClCompile Include="backuplogdialog.cpp">
      <Filter>Source Files</Filter>
    </ClCompile>
    <ClCompile Include="camprofile.cpp">
      <Filter>Source Files</Filter>
    </ClCompile>
    <ClCompile Include="confighelper.cpp">
      <Filter>Source Files</Filter>
    </ClCompile>
    <ClCompile Include="customslider.cpp">
      <Filter>Source Files</Filter>
    </ClCompile>
    <ClCompile Include="hikvideocapture.cpp">
      <Filter>Source Files</Filter>
    </ClCompile>
    <ClCompile Include="identification.cpp">
      <Filter>Source Files</Filter>
    </ClCompile>
    <ClCompile Include="imageprocess.cpp">
      <Filter>Source Files</Filter>
    </ClCompile>
    <ClCompile Include="improfile.cpp">
      <Filter>Source Files</Filter>
    </ClCompile>
    <ClCompile Include="LevelRecorder.cpp">
      <Filter>Source Files</Filter>
    </ClCompile>
    <ClCompile Include="logindialog.cpp">
      <Filter>Source Files</Filter>
    </ClCompile>
    <ClCompile Include="main.cpp">
      <Filter>Source Files</Filter>
    </ClCompile>
    <ClCompile Include="mainwindow.cpp">
      <Filter>Source Files</Filter>
    </ClCompile>
    <ClCompile Include="mysqltablemodel.cpp">
      <Filter>Source Files</Filter>
    </ClCompile>
    <ClCompile Include="ocr.cpp">
      <Filter>Source Files</Filter>
    </ClCompile>
    <ClCompile Include="ocrprofile.cpp">
      <Filter>Source Files</Filter>
    </ClCompile>
    <ClCompile Include="outlierhelper.cpp">
      <Filter>Source Files</Filter>
    </ClCompile>
    <ClCompile Include="playbackwidget.cpp">
      <Filter>Source Files</Filter>
    </ClCompile>
    <ClCompile Include="player.cpp">
      <Filter>Source Files</Filter>
    </ClCompile>
    <ClCompile Include="Plc.cpp">
      <Filter>Source Files</Filter>
    </ClCompile>
    <ClCompile Include="robustmatcher.cpp">
      <Filter>Source Files</Filter>
    </ClCompile>
    <ClCompile Include="SensorDevice.cpp">
      <Filter>Source Files</Filter>
    </ClCompile>
    <ClCompile Include="settingdialog.cpp">
      <Filter>Source Files</Filter>
    </ClCompile>
    <ClCompile Include="videowidget.cpp">
      <Filter>Source Files</Filter>
    </ClCompile>
    <ClCompile Include="ViewSensorImage.cpp">
      <Filter>Source Files</Filter>
    </ClCompile>
    <ClCompile Include="3rdparty\singleapplication\singleapplication.cpp">
      <Filter>Source Files</Filter>
    </ClCompile>
    <ClCompile Include="3rdparty\singleapplication\singleapplication_p.cpp">
      <Filter>Source Files</Filter>
    </ClCompile>
    <ClCompile Include="stdafx.cpp">
      <Filter>Source Files</Filter>
    </ClCompile>
    <ClCompile Include="SpeedIntegrator.cpp">
      <Filter>Source Files</Filter>
    </ClCompile>
    <ClCompile Include="HandleSensorDevice.cpp">
      <Filter>Source Files</Filter>
    </ClCompile>
    <ClCompile Include="MatchViewer.cpp">
      <Filter>Source Files</Filter>
    </ClCompile>
    <ClCompile Include="utils.cpp">
      <Filter>Source Files</Filter>
    </ClCompile>
    <ClCompile Include="QImageItemDele.cpp">
      <Filter>Source Files</Filter>
    </ClCompile>
    <ClCompile Include="ByteArrayWidget.cpp">
      <Filter>Source Files</Filter>
    </ClCompile>
  </ItemGroup>
  <ItemGroup>
    <ClInclude Include="stdafx.h">
      <Filter>Header Files</Filter>
    </ClInclude>
    <ClInclude Include="AlarmEvent.h">
      <Filter>Header Files</Filter>
    </ClInclude>
    <ClInclude Include="camprofile.h">
      <Filter>Header Files</Filter>
    </ClInclude>
    <ClInclude Include="common.h">
      <Filter>Header Files</Filter>
    </ClInclude>
    <ClInclude Include="database.h">
      <Filter>Header Files</Filter>
    </ClInclude>
    <ClInclude Include="improfile.h">
      <Filter>Header Files</Filter>
    </ClInclude>
    <ClInclude Include="LevelRecorder.h">
      <Filter>Header Files</Filter>
    </ClInclude>
    <ClInclude Include="ocrprofile.h">
      <Filter>Header Files</Filter>
    </ClInclude>
    <ClInclude Include="outlierhelper.h">
      <Filter>Header Files</Filter>
    </ClInclude>
    <ClInclude Include="resource.h">
      <Filter>Header Files</Filter>
    </ClInclude>
    <ClInclude Include="robustmatcher.h">
      <Filter>Header Files</Filter>
    </ClInclude>
    <ClInclude Include="resource1.h">
      <Filter>Header Files</Filter>
    </ClInclude>
    <ClInclude Include="utils.h">
      <Filter>Header Files</Filter>
    </ClInclude>
  </ItemGroup>
  <ItemGroup>
    <QtMoc Include="AlarmLCDBoard.h">
      <Filter>Header Files</Filter>
    </QtMoc>
    <QtMoc Include="AlarmManager.h">
      <Filter>Header Files</Filter>
    </QtMoc>
    <QtMoc Include="backuplogdialog.h">
      <Filter>Header Files</Filter>
    </QtMoc>
    <QtMoc Include="confighelper.h">
      <Filter>Header Files</Filter>
    </QtMoc>
    <QtMoc Include="customslider.h">
      <Filter>Header Files</Filter>
    </QtMoc>
    <QtMoc Include="hikvideocapture.h">
      <Filter>Header Files</Filter>
    </QtMoc>
    <QtMoc Include="identification.h">
      <Filter>Header Files</Filter>
    </QtMoc>
    <QtMoc Include="imageprocess.h">
      <Filter>Header Files</Filter>
    </QtMoc>
    <QtMoc Include="logindialog.h">
      <Filter>Header Files</Filter>
    </QtMoc>
    <QtMoc Include="mainwindow.h">
      <Filter>Header Files</Filter>
    </QtMoc>
    <QtMoc Include="mysqltablemodel.h">
      <Filter>Header Files</Filter>
    </QtMoc>
    <QtMoc Include="ocr.h">
      <Filter>Header Files</Filter>
    </QtMoc>
    <QtMoc Include="playbackwidget.h">
      <Filter>Header Files</Filter>
    </QtMoc>
    <QtMoc Include="player.h">
      <Filter>Header Files</Filter>
    </QtMoc>
    <QtMoc Include="Plc.h">
      <Filter>Header Files</Filter>
    </QtMoc>
    <QtMoc Include="SensorDevice.h">
      <Filter>Header Files</Filter>
    </QtMoc>
    <QtMoc Include="settingdialog.h">
      <Filter>Header Files</Filter>
    </QtMoc>
    <QtMoc Include="videowidget.h">
      <Filter>Header Files</Filter>
    </QtMoc>
    <QtMoc Include="ViewSensorImage.h">
      <Filter>Header Files</Filter>
    </QtMoc>
    <QtMoc Include="3rdparty\singleapplication\singleapplication.h">
      <Filter>Header Files</Filter>
    </QtMoc>
    <QtMoc Include="3rdparty\singleapplication\singleapplication_p.h">
      <Filter>Header Files</Filter>
    </QtMoc>
    <QtMoc Include="SpeedIntegrator.h">
      <Filter>Header Files</Filter>
    </QtMoc>
    <QtMoc Include="HandleSensorDevice.h">
      <Filter>Header Files</Filter>
    </QtMoc>
    <QtMoc Include="MatchViewer.h">
      <Filter>Header Files</Filter>
    </QtMoc>
    <QtMoc Include="QImageItemDele.h">
      <Filter>Header Files</Filter>
    </QtMoc>
    <QtMoc Include="ByteArrayWidget.h">
      <Filter>Header Files</Filter>
    </QtMoc>
  </ItemGroup>
  <ItemGroup>
    <QtUic Include="AlarmLCDBoard.ui">
      <Filter>Form Files</Filter>
    </QtUic>
    <QtUic Include="logindialog.ui">
      <Filter>Form Files</Filter>
    </QtUic>
    <QtUic Include="mainwindow.ui">
      <Filter>Form Files</Filter>
    </QtUic>
    <QtUic Include="settingdialog.ui">
      <Filter>Form Files</Filter>
    </QtUic>
    <QtUic Include="ViewSensorImage.ui">
      <Filter>Form Files</Filter>
    </QtUic>
    <QtUic Include="MatchViewer.ui">
      <Filter>Form Files</Filter>
    </QtUic>
  </ItemGroup>
  <ItemGroup>
    <QtRcc Include="WheelMonitor.qrc">
      <Filter>Resource Files</Filter>
    </QtRcc>
  </ItemGroup>
  <ItemGroup>
    <ResourceCompile Include="WheelMonitor.rc" />
  </ItemGroup>
  <ItemGroup>
    <None Include="..\README.md">
      <Filter>Distribution Files</Filter>
    </None>
  </ItemGroup>
</Project>